
Microsoft Visual Studio Solution File, Format Version 12.00
# Visual Studio Version 16
VisualStudioVersion = 16.0.31702.278
MinimumVisualStudioVersion = 10.0.40219.1
Project("{FAE04EC0-301F-11D3-BF4B-00C04F79EFBC}") = "CustomLogger", "CustomLogger\CustomLogger.csproj", "{8008C064-0093-47EE-ABDD-55842D68745B}"
EndProject
Project("{FAE04EC0-301F-11D3-BF4B-00C04F79EFBC}") = "AppLib", "AppLib\AppLib.csproj", "{0BF2761D-8B0A-4735-98B6-2E3310C64ABC}"
EndProject
Global
	GlobalSection(SolutionConfigurationPlatforms) = preSolution
		Debug|Any CPU = Debug|Any CPU
		Release|Any CPU = Release|Any CPU
	EndGlobalSection
	GlobalSection(ProjectConfigurationPlatforms) = postSolution
		{8008C064-0093-47EE-ABDD-55842D68745B}.Debug|Any CPU.ActiveCfg = Debug|Any CPU
		{8008C064-0093-47EE-ABDD-55842D68745B}.Debug|Any CPU.Build.0 = Debug|Any CPU
		{8008C064-0093-47EE-ABDD-55842D68745B}.Release|Any CPU.ActiveCfg = Release|Any CPU
		{8008C064-0093-47EE-ABDD-55842D68745B}.Release|Any CPU.Build.0 = Release|Any CPU
		{0BF2761D-8B0A-4735-98B6-2E3310C64ABC}.Debug|Any CPU.ActiveCfg = Debug|Any CPU
		{0BF2761D-8B0A-4735-98B6-2E3310C64ABC}.Debug|Any CPU.Build.0 = Debug|Any CPU
		{0BF2761D-8B0A-4735-98B6-2E3310C64ABC}.Release|Any CPU.ActiveCfg = Release|Any CPU
		{0BF2761D-8B0A-4735-98B6-2E3310C64ABC}.Release|Any CPU.Build.0 = Release|Any CPU
	EndGlobalSection
	GlobalSection(SolutionProperties) = preSolution
		HideSolutionNode = FALSE
	EndGlobalSection
	GlobalSection(ExtensibilityGlobals) = postSolution
		SolutionGuid = {8F7CB866-EC8C-4594-8C7A-E9CDF2BB6A10}
	EndGlobalSection
EndGlobal
